// !$*UTF8*$!
{
	archiveVersion = 1;
	classes = {
	};
	objectVersion = 46;
	objects = {

/* Begin PBXBuildFile section */
		6B6DC6671D781657008A0227 /* main.m in Sources */ = {isa = PBXBuildFile; fileRef = 6B6DC6661D781657008A0227 /* main.m */; };
		6B6DC66F1D781677008A0227 /* Vehicle.m in Sources */ = {isa = PBXBuildFile; fileRef = 6B6DC66E1D781677008A0227 /* Vehicle.m */; };
		6B6DC6721D78195C008A0227 /* Bike.m in Sources */ = {isa = PBXBuildFile; fileRef = 6B6DC6711D78195C008A0227 /* Bike.m */; };
/* End PBXBuildFile section */

/* Begin PBXCopyFilesBuildPhase section */
		6B6DC6611D781657008A0227 /* CopyFiles */ = {
			isa = PBXCopyFilesBuildPhase;
			buildActionMask = 2147483647;
			dstPath = /usr/share/man/man1/;
			dstSubfolderSpec = 0;
			files = (
			);
			runOnlyForDeploymentPostprocessing = 1;
		};
/* End PBXCopyFilesBuildPhase section */

/* Begin PBXFileReference section */
		6B6DC6631D781657008A0227 /* ATProperties */ = {isa = PBXFileReference; explicitFileType = "compiled.mach-o.executable"; includeInIndex = 0; path = ATProperties; sourceTree = BUILT_PRODUCTS_DIR; };
		6B6DC6661D781657008A0227 /* main.m */ = {isa = PBXFileReference; lastKnownFileType = sourcecode.c.objc; path = main.m; sourceTree = "<group>"; };
		6B6DC66D1D781677008A0227 /* Vehicle.h */ = {isa = PBXFileReference; fileEncoding = 4; lastKnownFileType = sourcecode.c.h; path = Vehicle.h; sourceTree = "<group>"; };
		6B6DC66E1D781677008A0227 /* Vehicle.m */ = {isa = PBXFileReference; fileEncoding = 4; lastKnownFileType = sourcecode.c.objc; path = Vehicle.m; sourceTree = "<group>"; };
		6B6DC6701D78195C008A0227 /* Bike.h */ = {isa = PBXFileReference; fileEncoding = 4; lastKnownFileType = sourcecode.c.h; path = Bike.h; sourceTree = "<group>"; };
		6B6DC6711D78195C008A0227 /* Bike.m */ = {isa = PBXFileReference; fileEncoding = 4; lastKnownFileType = sourcecode.c.objc; path = Bike.m; sourceTree = "<group>"; };
/* End PBXFileReference section */

/* Begin PBXFrameworksBuildPhase section */
		6B6DC6601D781657008A0227 /* Frameworks */ = {
			isa = PBXFrameworksBuildPhase;
			buildActionMask = 2147483647;
			files = (
			);
			runOnlyForDeploymentPostprocessing = 0;
		};
/* End PBXFrameworksBuildPhase section */

/* Begin PBXGroup section */
		6B6DC65A1D781657008A0227 = {
			isa = PBXGroup;
			children = (
				6B6DC6651D781657008A0227 /* ATProperties */,
				6B6DC6641D781657008A0227 /* Products */,
			);
			sourceTree = "<group>";
		};
		6B6DC6641D781657008A0227 /* Products */ = {
			isa = PBXGroup;
			children = (
				6B6DC6631D781657008A0227 /* ATProperties */,
			);
			name = Products;
			sourceTree = "<group>";
		};
		6B6DC6651D781657008A0227 /* ATProperties */ = {
			isa = PBXGroup;
			children = (
				6B6DC6661D781657008A0227 /* main.m */,
				6B6DC66D1D781677008A0227 /* Vehicle.h */,
				6B6DC66E1D781677008A0227 /* Vehicle.m */,
				6B6DC6701D78195C008A0227 /* Bike.h */,
				6B6DC6711D78195C008A0227 /* Bike.m */,
			);
			path = ATProperties;
			sourceTree = "<group>";
		};
/* End PBXGroup section */

/* Begin PBXNativeTarget section */
		6B6DC6621D781657008A0227 /* ATProperties */ = {
			isa = PBXNativeTarget;
			buildConfigurationList = 6B6DC66A1D781657008A0227 /* Build configuration list for PBXNativeTarget "ATProperties" */;
			buildPhases = (
				6B6DC65F1D781657008A0227 /* Sources */,
				6B6DC6601D781657008A0227 /* Frameworks */,
				6B6DC6611D781657008A0227 /* CopyFiles */,
			);
			buildRules = (
			);
			dependencies = (
			);
			name = ATProperties;
			productName = ATProperties;
			productReference = 6B6DC6631D781657008A0227 /* ATProperties */;
			productType = "com.apple.product-type.tool";
		};
/* End PBXNativeTarget section */

/* Begin PBXProject section */
		6B6DC65B1D781657008A0227 /* Project object */ = {
			isa = PBXProject;
			attributes = {
				LastUpgradeCheck = 0730;
				ORGANIZATIONNAME = "Aashish Tamsya";
				TargetAttributes = {
					6B6DC6621D781657008A0227 = {
						CreatedOnToolsVersion = 7.3.1;
					};
				};
			};
			buildConfigurationList = 6B6DC65E1D781657008A0227 /* Build configuration list for PBXProject "ATProperties" */;
			compatibilityVersion = "Xcode 3.2";
			developmentRegion = English;
			hasScannedForEncodings = 0;
			knownRegions = (
				en,
			);
			mainGroup = 6B6DC65A1D781657008A0227;
			productRefGroup = 6B6DC6641D781657008A0227 /* Products */;
			projectDirPath = "";
			projectRoot = "";
			targets = (
				6B6DC6621D781657008A0227 /* ATProperties */,
			);
		};
/* End PBXProject section */

/* Begin PBXSourcesBuildPhase section */
		6B6DC65F1D781657008A0227 /* Sources */ = {
			isa = PBXSourcesBuildPhase;
			buildActionMask = 2147483647;
			files = (
				6B6DC6721D78195C008A0227 /* Bike.m in Sources */,
				6B6DC66F1D781677008A0227 /* Vehicle.m in Sources */,
				6B6DC6671D781657008A0227 /* main.m in Sources */,
			);
			runOnlyForDeploymentPostprocessing = 0;
		};
/* End PBXSourcesBuildPhase section */

/* Begin XCBuildConfiguration section */
		6B6DC6681D781657008A0227 /* Debug */ = {
			isa = XCBuildConfiguration;
			buildSettings = {
				ALWAYS_SEARCH_USER_PATHS = NO;
				CLANG_ANALYZER_NONNULL = YES;
				CLANG_CXX_LANGUAGE_STANDARD = "gnu++0x";
				CLANG_CXX_LIBRARY = "libc++";
				CLANG_ENABLE_MODULES = YES;
				CLANG_ENABLE_OBJC_ARC = YES;
				CLANG_WARN_BOOL_CONVERSION = YES;
				CLANG_WARN_CONSTANT_CONVERSION = YES;
				CLANG_WARN_DIRECT_OBJC_ISA_USAGE = YES_ERROR;
				CLANG_WARN_EMPTY_BODY = YES;
				CLANG_WARN_ENUM_CONVERSION = YES;
				CLANG_WARN_INT_CONVERSION = YES;
				CLANG_WARN_OBJC_ROOT_CLASS = YES_ERROR;
				CLANG_WARN_UNREACHABLE_CODE = YES;
				CLANG_WARN__DUPLICATE_METHOD_MATCH = YES;
				CODE_SIGN_IDENTITY = "-";
				COPY_PHASE_STRIP = NO;
				DEBUG_INFORMATION_FORMAT = dwarf;
				ENABLE_STRICT_OBJC_MSGSEND = YES;
				ENABLE_TESTABILITY = YES;
				GCC_C_LANGUAGE_STANDARD = gnu99;
				GCC_DYNAMIC_NO_PIC = NO;
				GCC_NO_COMMON_BLOCKS = YES;
				GCC_OPTIMIZATION_LEVEL = 0;
				GCC_PREPROCESSOR_DEFINITIONS = (
					"DEBUG=1",
					"$(inherited)",
				);
				GCC_WARN_64_TO_32_BIT_CONVERSION = YES;
				GCC_WARN_ABOUT_RETURN_TYPE = YES_ERROR;
				GCC_WARN_UNDECLARED_SELECTOR = YES;
				GCC_WARN_UNINITIALIZED_AUTOS = YES_AGGRESSIVE;
				GCC_WARN_UNUSED_FUNCTION = YES;
				GCC_WARN_UNUSED_VARIABLE = YES;
				MACOSX_DEPLOYMENT_TARGET = 10.11;
				MTL_ENABLE_DEBUG_INFO = YES;
				ONLY_ACTIVE_ARCH = YES;
				SDKROOT = macosx;
			};
			name = Debug;
		};
		6B6DC6691D781657008A0227 /* Release */ = {
			isa = XCBuildConfiguration;
			buildSettings = {
				ALWAYS_SEARCH_USER_PATHS = NO;
				CLANG_ANALYZER_NONNULL = YES;
				CLANG_CXX_LANGUAGE_STANDARD = "gnu++0x";
				CLANG_CXX_LIBRARY = "libc++";
				CLANG_ENABLE_MODULES = YES;
				CLANG_ENABLE_OBJC_ARC = YES;
				CLANG_WARN_BOOL_CONVERSION = YES;
				CLANG_WARN_CONSTANT_CONVERSION = YES;
				CLANG_WARN_DIRECT_OBJC_ISA_USAGE = YES_ERROR;
				CLANG_WARN_EMPTY_BODY = YES;
				CLANG_WARN_ENUM_CONVERSION = YES;
				CLANG_WARN_INT_CONVERSION = YES;
				CLANG_WARN_OBJC_ROOT_CLASS = YES_ERROR;
				CLANG_WARN_UNREACHABLE_CODE = YES;
				CLANG_WARN__DUPLICATE_METHOD_MATCH = YES;
				CODE_SIGN_IDENTITY = "-";
				COPY_PHASE_STRIP = NO;
				DEBUG_INFORMATION_FORMAT = "dwarf-with-dsym";
				ENABLE_NS_ASSERTIONS = NO;
				ENABLE_STRICT_OBJC_MSGSEND = YES;
				GCC_C_LANGUAGE_STANDARD = gnu99;
				GCC_NO_COMMON_BLOCKS = YES;
				GCC_WARN_64_TO_32_BIT_CONVERSION = YES;
				GCC_WARN_ABOUT_RETURN_TYPE = YES_ERROR;
				GCC_WARN_UNDECLARED_SELECTOR = YES;
				GCC_WARN_UNINITIALIZED_AUTOS = YES_AGGRESSIVE;
				GCC_WARN_UNUSED_FUNCTION = YES;
				GCC_WARN_UNUSED_VARIABLE = YES;
				MACOSX_DEPLOYMENT_TARGET = 10.11;
				MTL_ENABLE_DEBUG_INFO = NO;
				SDKROOT = macosx;
			};
			name = Release;
		};
		6B6DC66B1D781657008A0227 /* Debug */ = {
			isa = XCBuildConfiguration;
			buildSettings = {
				PRODUCT_NAME = "$(TARGET_NAME)";
			};
			name = Debug;
		};
		6B6DC66C1D781657008A0227 /* Release */ = {
			isa = XCBuildConfiguration;
			buildSettings = {
				PRODUCT_NAME = "$(TARGET_NAME)";
			};
			name = Release;
		};
/* End XCBuildConfiguration section */

/* Begin XCConfigurationList section */
		6B6DC65E1D781657008A0227 /* Build configuration list for PBXProject "ATProperties" */ = {
			isa = XCConfigurationList;
			buildConfigurations = (
				6B6DC6681D781657008A0227 /* Debug */,
				6B6DC6691D781657008A0227 /* Release */,
			);
			defaultConfigurationIsVisible = 0;
			defaultConfigurationName = Release;
		};
		6B6DC66A1D781657008A0227 /* Build configuration list for PBXNativeTarget "ATProperties" */ = {
			isa = XCConfigurationList;
			buildConfigurations = (
				6B6DC66B1D781657008A0227 /* Debug */,
				6B6DC66C1D781657008A0227 /* Release */,
			);
			defaultConfigurationIsVisible = 0;
		};
/* End XCConfigurationList section */
	};
	rootObject = 6B6DC65B1D781657008A0227 /* Project object */;
}
