// !$*UTF8*$!
{
	archiveVersion = 1;
	classes = {
	};
	objectVersion = 46;
	objects = {

/* Begin PBXBuildFile section */
		F3BC63721D7EAA4A00E04052 /* main.m in Sources */ = {isa = PBXBuildFile; fileRef = F3BC63711D7EAA4A00E04052 /* main.m */; };
		F3DD60B91D7EAEBD002D40C6 /* NSDictionary+KeyCount.m in Sources */ = {isa = PBXBuildFile; fileRef = F3DD60B81D7EAEBD002D40C6 /* NSDictionary+KeyCount.m */; };
/* End PBXBuildFile section */

/* Begin PBXCopyFilesBuildPhase section */
		F3BC636C1D7EAA4A00E04052 /* CopyFiles */ = {
			isa = PBXCopyFilesBuildPhase;
			buildActionMask = 2147483647;
			dstPath = /usr/share/man/man1/;
			dstSubfolderSpec = 0;
			files = (
			);
			runOnlyForDeploymentPostprocessing = 1;
		};
/* End PBXCopyFilesBuildPhase section */

/* Begin PBXFileReference section */
		F3BC636E1D7EAA4A00E04052 /* ATCategory */ = {isa = PBXFileReference; explicitFileType = "compiled.mach-o.executable"; includeInIndex = 0; path = ATCategory; sourceTree = BUILT_PRODUCTS_DIR; };
		F3BC63711D7EAA4A00E04052 /* main.m */ = {isa = PBXFileReference; lastKnownFileType = sourcecode.c.objc; path = main.m; sourceTree = "<group>"; };
		F3DD60B71D7EAEBD002D40C6 /* NSDictionary+KeyCount.h */ = {isa = PBXFileReference; fileEncoding = 4; lastKnownFileType = sourcecode.c.h; path = "NSDictionary+KeyCount.h"; sourceTree = "<group>"; };
		F3DD60B81D7EAEBD002D40C6 /* NSDictionary+KeyCount.m */ = {isa = PBXFileReference; fileEncoding = 4; lastKnownFileType = sourcecode.c.objc; path = "NSDictionary+KeyCount.m"; sourceTree = "<group>"; };
/* End PBXFileReference section */

/* Begin PBXFrameworksBuildPhase section */
		F3BC636B1D7EAA4A00E04052 /* Frameworks */ = {
			isa = PBXFrameworksBuildPhase;
			buildActionMask = 2147483647;
			files = (
			);
			runOnlyForDeploymentPostprocessing = 0;
		};
/* End PBXFrameworksBuildPhase section */

/* Begin PBXGroup section */
		F3BC63651D7EAA4A00E04052 = {
			isa = PBXGroup;
			children = (
				F3BC63701D7EAA4A00E04052 /* ATCategory */,
				F3BC636F1D7EAA4A00E04052 /* Products */,
			);
			sourceTree = "<group>";
		};
		F3BC636F1D7EAA4A00E04052 /* Products */ = {
			isa = PBXGroup;
			children = (
				F3BC636E1D7EAA4A00E04052 /* ATCategory */,
			);
			name = Products;
			sourceTree = "<group>";
		};
		F3BC63701D7EAA4A00E04052 /* ATCategory */ = {
			isa = PBXGroup;
			children = (
				F3BC63711D7EAA4A00E04052 /* main.m */,
				F3DD60B71D7EAEBD002D40C6 /* NSDictionary+KeyCount.h */,
				F3DD60B81D7EAEBD002D40C6 /* NSDictionary+KeyCount.m */,
			);
			path = ATCategory;
			sourceTree = "<group>";
		};
/* End PBXGroup section */

/* Begin PBXNativeTarget section */
		F3BC636D1D7EAA4A00E04052 /* ATCategory */ = {
			isa = PBXNativeTarget;
			buildConfigurationList = F3BC63751D7EAA4A00E04052 /* Build configuration list for PBXNativeTarget "ATCategory" */;
			buildPhases = (
				F3BC636A1D7EAA4A00E04052 /* Sources */,
				F3BC636B1D7EAA4A00E04052 /* Frameworks */,
				F3BC636C1D7EAA4A00E04052 /* CopyFiles */,
			);
			buildRules = (
			);
			dependencies = (
			);
			name = ATCategory;
			productName = ATCategory;
			productReference = F3BC636E1D7EAA4A00E04052 /* ATCategory */;
			productType = "com.apple.product-type.tool";
		};
/* End PBXNativeTarget section */

/* Begin PBXProject section */
		F3BC63661D7EAA4A00E04052 /* Project object */ = {
			isa = PBXProject;
			attributes = {
				LastUpgradeCheck = 0730;
				ORGANIZATIONNAME = "Aashish Tamsya";
				TargetAttributes = {
					F3BC636D1D7EAA4A00E04052 = {
						CreatedOnToolsVersion = 7.3.1;
					};
				};
			};
			buildConfigurationList = F3BC63691D7EAA4A00E04052 /* Build configuration list for PBXProject "ATCategory" */;
			compatibilityVersion = "Xcode 3.2";
			developmentRegion = English;
			hasScannedForEncodings = 0;
			knownRegions = (
				en,
			);
			mainGroup = F3BC63651D7EAA4A00E04052;
			productRefGroup = F3BC636F1D7EAA4A00E04052 /* Products */;
			projectDirPath = "";
			projectRoot = "";
			targets = (
				F3BC636D1D7EAA4A00E04052 /* ATCategory */,
			);
		};
/* End PBXProject section */

/* Begin PBXSourcesBuildPhase section */
		F3BC636A1D7EAA4A00E04052 /* Sources */ = {
			isa = PBXSourcesBuildPhase;
			buildActionMask = 2147483647;
			files = (
				F3DD60B91D7EAEBD002D40C6 /* NSDictionary+KeyCount.m in Sources */,
				F3BC63721D7EAA4A00E04052 /* main.m in Sources */,
			);
			runOnlyForDeploymentPostprocessing = 0;
		};
/* End PBXSourcesBuildPhase section */

/* Begin XCBuildConfiguration section */
		F3BC63731D7EAA4A00E04052 /* Debug */ = {
			isa = XCBuildConfiguration;
			buildSettings = {
				ALWAYS_SEARCH_USER_PATHS = NO;
				CLANG_ANALYZER_NONNULL = YES;
				CLANG_CXX_LANGUAGE_STANDARD = "gnu++0x";
				CLANG_CXX_LIBRARY = "libc++";
				CLANG_ENABLE_MODULES = YES;
				CLANG_ENABLE_OBJC_ARC = YES;
				CLANG_WARN_BOOL_CONVERSION = YES;
				CLANG_WARN_CONSTANT_CONVERSION = YES;
				CLANG_WARN_DIRECT_OBJC_ISA_USAGE = YES_ERROR;
				CLANG_WARN_EMPTY_BODY = YES;
				CLANG_WARN_ENUM_CONVERSION = YES;
				CLANG_WARN_INT_CONVERSION = YES;
				CLANG_WARN_OBJC_ROOT_CLASS = YES_ERROR;
				CLANG_WARN_UNREACHABLE_CODE = YES;
				CLANG_WARN__DUPLICATE_METHOD_MATCH = YES;
				CODE_SIGN_IDENTITY = "-";
				COPY_PHASE_STRIP = NO;
				DEBUG_INFORMATION_FORMAT = dwarf;
				ENABLE_STRICT_OBJC_MSGSEND = YES;
				ENABLE_TESTABILITY = YES;
				GCC_C_LANGUAGE_STANDARD = gnu99;
				GCC_DYNAMIC_NO_PIC = NO;
				GCC_NO_COMMON_BLOCKS = YES;
				GCC_OPTIMIZATION_LEVEL = 0;
				GCC_PREPROCESSOR_DEFINITIONS = (
					"DEBUG=1",
					"$(inherited)",
				);
				GCC_WARN_64_TO_32_BIT_CONVERSION = YES;
				GCC_WARN_ABOUT_RETURN_TYPE = YES_ERROR;
				GCC_WARN_UNDECLARED_SELECTOR = YES;
				GCC_WARN_UNINITIALIZED_AUTOS = YES_AGGRESSIVE;
				GCC_WARN_UNUSED_FUNCTION = YES;
				GCC_WARN_UNUSED_VARIABLE = YES;
				MACOSX_DEPLOYMENT_TARGET = 10.11;
				MTL_ENABLE_DEBUG_INFO = YES;
				ONLY_ACTIVE_ARCH = YES;
				SDKROOT = macosx;
			};
			name = Debug;
		};
		F3BC63741D7EAA4A00E04052 /* Release */ = {
			isa = XCBuildConfiguration;
			buildSettings = {
				ALWAYS_SEARCH_USER_PATHS = NO;
				CLANG_ANALYZER_NONNULL = YES;
				CLANG_CXX_LANGUAGE_STANDARD = "gnu++0x";
				CLANG_CXX_LIBRARY = "libc++";
				CLANG_ENABLE_MODULES = YES;
				CLANG_ENABLE_OBJC_ARC = YES;
				CLANG_WARN_BOOL_CONVERSION = YES;
				CLANG_WARN_CONSTANT_CONVERSION = YES;
				CLANG_WARN_DIRECT_OBJC_ISA_USAGE = YES_ERROR;
				CLANG_WARN_EMPTY_BODY = YES;
				CLANG_WARN_ENUM_CONVERSION = YES;
				CLANG_WARN_INT_CONVERSION = YES;
				CLANG_WARN_OBJC_ROOT_CLASS = YES_ERROR;
				CLANG_WARN_UNREACHABLE_CODE = YES;
				CLANG_WARN__DUPLICATE_METHOD_MATCH = YES;
				CODE_SIGN_IDENTITY = "-";
				COPY_PHASE_STRIP = NO;
				DEBUG_INFORMATION_FORMAT = "dwarf-with-dsym";
				ENABLE_NS_ASSERTIONS = NO;
				ENABLE_STRICT_OBJC_MSGSEND = YES;
				GCC_C_LANGUAGE_STANDARD = gnu99;
				GCC_NO_COMMON_BLOCKS = YES;
				GCC_WARN_64_TO_32_BIT_CONVERSION = YES;
				GCC_WARN_ABOUT_RETURN_TYPE = YES_ERROR;
				GCC_WARN_UNDECLARED_SELECTOR = YES;
				GCC_WARN_UNINITIALIZED_AUTOS = YES_AGGRESSIVE;
				GCC_WARN_UNUSED_FUNCTION = YES;
				GCC_WARN_UNUSED_VARIABLE = YES;
				MACOSX_DEPLOYMENT_TARGET = 10.11;
				MTL_ENABLE_DEBUG_INFO = NO;
				SDKROOT = macosx;
			};
			name = Release;
		};
		F3BC63761D7EAA4A00E04052 /* Debug */ = {
			isa = XCBuildConfiguration;
			buildSettings = {
				PRODUCT_NAME = "$(TARGET_NAME)";
			};
			name = Debug;
		};
		F3BC63771D7EAA4A00E04052 /* Release */ = {
			isa = XCBuildConfiguration;
			buildSettings = {
				PRODUCT_NAME = "$(TARGET_NAME)";
			};
			name = Release;
		};
/* End XCBuildConfiguration section */

/* Begin XCConfigurationList section */
		F3BC63691D7EAA4A00E04052 /* Build configuration list for PBXProject "ATCategory" */ = {
			isa = XCConfigurationList;
			buildConfigurations = (
				F3BC63731D7EAA4A00E04052 /* Debug */,
				F3BC63741D7EAA4A00E04052 /* Release */,
			);
			defaultConfigurationIsVisible = 0;
			defaultConfigurationName = Release;
		};
		F3BC63751D7EAA4A00E04052 /* Build configuration list for PBXNativeTarget "ATCategory" */ = {
			isa = XCConfigurationList;
			buildConfigurations = (
				F3BC63761D7EAA4A00E04052 /* Debug */,
				F3BC63771D7EAA4A00E04052 /* Release */,
			);
			defaultConfigurationIsVisible = 0;
			defaultConfigurationName = Release;
		};
/* End XCConfigurationList section */
	};
	rootObject = F3BC63661D7EAA4A00E04052 /* Project object */;
}
